// !$*UTF8*$!
{
	archiveVersion = 1;
	classes = {
	};
	objectVersion = 46;
	objects = {

/* Begin PBXBuildFile section */
		63E28FD71901779800088162 /* QuartzCore.framework in Frameworks */ = {isa = PBXBuildFile; fileRef = 63E28FD61901779800088162 /* QuartzCore.framework */; };
		63E28FD919017B4000088162 /* Hypno.png in Resources */ = {isa = PBXBuildFile; fileRef = 63E28FD819017B4000088162 /* Hypno.png */; };
		63E28FDB19017DF900088162 /* joeeye.jpg in Resources */ = {isa = PBXBuildFile; fileRef = 63E28FDA19017DF800088162 /* joeeye.jpg */; };
		63FBCF5A18A3093000A9715F /* Foundation.framework in Frameworks */ = {isa = PBXBuildFile; fileRef = 63FBCF5918A3093000A9715F /* Foundation.framework */; };
		63FBCF5C18A3093000A9715F /* CoreGraphics.framework in Frameworks */ = {isa = PBXBuildFile; fileRef = 63FBCF5B18A3093000A9715F /* CoreGraphics.framework */; };
		63FBCF5E18A3093000A9715F /* UIKit.framework in Frameworks */ = {isa = PBXBuildFile; fileRef = 63FBCF5D18A3093000A9715F /* UIKit.framework */; };
		63FBCF6418A3093000A9715F /* InfoPlist.strings in Resources */ = {isa = PBXBuildFile; fileRef = 63FBCF6218A3093000A9715F /* InfoPlist.strings */; };
		63FBCF6618A3093000A9715F /* main.m in Sources */ = {isa = PBXBuildFile; fileRef = 63FBCF6518A3093000A9715F /* main.m */; };
		63FBCF6A18A3093000A9715F /* HypnoAppDelegate.m in Sources */ = {isa = PBXBuildFile; fileRef = 63FBCF6918A3093000A9715F /* HypnoAppDelegate.m */; };
		63FBCF6C18A3093000A9715F /* Images.xcassets in Resources */ = {isa = PBXBuildFile; fileRef = 63FBCF6B18A3093000A9715F /* Images.xcassets */; };
		63FBCF7318A3093000A9715F /* XCTest.framework in Frameworks */ = {isa = PBXBuildFile; fileRef = 63FBCF7218A3093000A9715F /* XCTest.framework */; };
		63FBCF7418A3093000A9715F /* Foundation.framework in Frameworks */ = {isa = PBXBuildFile; fileRef = 63FBCF5918A3093000A9715F /* Foundation.framework */; };
		63FBCF7518A3093000A9715F /* UIKit.framework in Frameworks */ = {isa = PBXBuildFile; fileRef = 63FBCF5D18A3093000A9715F /* UIKit.framework */; };
		63FBCF7D18A3093000A9715F /* InfoPlist.strings in Resources */ = {isa = PBXBuildFile; fileRef = 63FBCF7B18A3093000A9715F /* InfoPlist.strings */; };
		63FBCF7F18A3093000A9715F /* HypnoTimeTests.m in Sources */ = {isa = PBXBuildFile; fileRef = 63FBCF7E18A3093000A9715F /* HypnoTimeTests.m */; };
		63FBCF8A18A3096900A9715F /* HypnosisViewController.m in Sources */ = {isa = PBXBuildFile; fileRef = 63FBCF8918A3096900A9715F /* HypnosisViewController.m */; };
		63FBCF8D18A30A2400A9715F /* HypnosisView.m in Sources */ = {isa = PBXBuildFile; fileRef = 63FBCF8C18A30A2400A9715F /* HypnosisView.m */; };
		63FBCF9018A30C5000A9715F /* TimeViewController.m in Sources */ = {isa = PBXBuildFile; fileRef = 63FBCF8F18A30C5000A9715F /* TimeViewController.m */; };
		63FBCF9218A30CE500A9715F /* TimeViewController.xib in Resources */ = {isa = PBXBuildFile; fileRef = 63FBCF9118A30CE500A9715F /* TimeViewController.xib */; };
/* End PBXBuildFile section */

/* Begin PBXContainerItemProxy section */
		63FBCF7618A3093000A9715F /* PBXContainerItemProxy */ = {
			isa = PBXContainerItemProxy;
			containerPortal = 63FBCF4E18A3093000A9715F /* Project object */;
			proxyType = 1;
			remoteGlobalIDString = 63FBCF5518A3093000A9715F;
			remoteInfo = HypnoTime;
		};
/* End PBXContainerItemProxy section */

/* Begin PBXFileReference section */
		63E28FD61901779800088162 /* QuartzCore.framework */ = {isa = PBXFileReference; lastKnownFileType = wrapper.framework; name = QuartzCore.framework; path = System/Library/Frameworks/QuartzCore.framework; sourceTree = SDKROOT; };
		63E28FD819017B4000088162 /* Hypno.png */ = {isa = PBXFileReference; lastKnownFileType = image.png; path = Hypno.png; sourceTree = "<group>"; };
		63E28FDA19017DF800088162 /* joeeye.jpg */ = {isa = PBXFileReference; lastKnownFileType = image.jpeg; path = joeeye.jpg; sourceTree = "<group>"; };
		63FBCF5618A3093000A9715F /* HypnoTime.app */ = {isa = PBXFileReference; explicitFileType = wrapper.application; includeInIndex = 0; path = HypnoTime.app; sourceTree = BUILT_PRODUCTS_DIR; };
		63FBCF5918A3093000A9715F /* Foundation.framework */ = {isa = PBXFileReference; lastKnownFileType = wrapper.framework; name = Foundation.framework; path = System/Library/Frameworks/Foundation.framework; sourceTree = SDKROOT; };
		63FBCF5B18A3093000A9715F /* CoreGraphics.framework */ = {isa = PBXFileReference; lastKnownFileType = wrapper.framework; name = CoreGraphics.framework; path = System/Library/Frameworks/CoreGraphics.framework; sourceTree = SDKROOT; };
		63FBCF5D18A3093000A9715F /* UIKit.framework */ = {isa = PBXFileReference; lastKnownFileType = wrapper.framework; name = UIKit.framework; path = System/Library/Frameworks/UIKit.framework; sourceTree = SDKROOT; };
		63FBCF6118A3093000A9715F /* HypnoTime-Info.plist */ = {isa = PBXFileReference; lastKnownFileType = text.plist.xml; path = "HypnoTime-Info.plist"; sourceTree = "<group>"; };
		63FBCF6318A3093000A9715F /* en */ = {isa = PBXFileReference; lastKnownFileType = text.plist.strings; name = en; path = en.lproj/InfoPlist.strings; sourceTree = "<group>"; };
		63FBCF6518A3093000A9715F /* main.m */ = {isa = PBXFileReference; lastKnownFileType = sourcecode.c.objc; path = main.m; sourceTree = "<group>"; };
		63FBCF6718A3093000A9715F /* HypnoTime-Prefix.pch */ = {isa = PBXFileReference; lastKnownFileType = sourcecode.c.h; path = "HypnoTime-Prefix.pch"; sourceTree = "<group>"; };
		63FBCF6818A3093000A9715F /* HypnoAppDelegate.h */ = {isa = PBXFileReference; lastKnownFileType = sourcecode.c.h; path = HypnoAppDelegate.h; sourceTree = "<group>"; };
		63FBCF6918A3093000A9715F /* HypnoAppDelegate.m */ = {isa = PBXFileReference; lastKnownFileType = sourcecode.c.objc; path = HypnoAppDelegate.m; sourceTree = "<group>"; };
		63FBCF6B18A3093000A9715F /* Images.xcassets */ = {isa = PBXFileReference; lastKnownFileType = folder.assetcatalog; path = Images.xcassets; sourceTree = "<group>"; };
		63FBCF7118A3093000A9715F /* HypnoTimeTests.xctest */ = {isa = PBXFileReference; explicitFileType = wrapper.cfbundle; includeInIndex = 0; path = HypnoTimeTests.xctest; sourceTree = BUILT_PRODUCTS_DIR; };
		63FBCF7218A3093000A9715F /* XCTest.framework */ = {isa = PBXFileReference; lastKnownFileType = wrapper.framework; name = XCTest.framework; path = Library/Frameworks/XCTest.framework; sourceTree = DEVELOPER_DIR; };
		63FBCF7A18A3093000A9715F /* HypnoTimeTests-Info.plist */ = {isa = PBXFileReference; lastKnownFileType = text.plist.xml; path = "HypnoTimeTests-Info.plist"; sourceTree = "<group>"; };
		63FBCF7C18A3093000A9715F /* en */ = {isa = PBXFileReference; lastKnownFileType = text.plist.strings; name = en; path = en.lproj/InfoPlist.strings; sourceTree = "<group>"; };
		63FBCF7E18A3093000A9715F /* HypnoTimeTests.m */ = {isa = PBXFileReference; lastKnownFileType = sourcecode.c.objc; path = HypnoTimeTests.m; sourceTree = "<group>"; };
		63FBCF8818A3096900A9715F /* HypnosisViewController.h */ = {isa = PBXFileReference; fileEncoding = 4; lastKnownFileType = sourcecode.c.h; path = HypnosisViewController.h; sourceTree = "<group>"; };
		63FBCF8918A3096900A9715F /* HypnosisViewController.m */ = {isa = PBXFileReference; fileEncoding = 4; lastKnownFileType = sourcecode.c.objc; path = HypnosisViewController.m; sourceTree = "<group>"; };
		63FBCF8B18A30A1E00A9715F /* HypnosisView.h */ = {isa = PBXFileReference; lastKnownFileType = sourcecode.c.h; name = HypnosisView.h; path = ../Hypnosister/HypnosisView.h; sourceTree = "<group>"; };
		63FBCF8C18A30A2400A9715F /* HypnosisView.m */ = {isa = PBXFileReference; fileEncoding = 4; lastKnownFileType = sourcecode.c.objc; name = HypnosisView.m; path = ../Hypnosister/HypnosisView.m; sourceTree = "<group>"; };
		63FBCF8E18A30C5000A9715F /* TimeViewController.h */ = {isa = PBXFileReference; fileEncoding = 4; lastKnownFileType = sourcecode.c.h; path = TimeViewController.h; sourceTree = "<group>"; };
		63FBCF8F18A30C5000A9715F /* TimeViewController.m */ = {isa = PBXFileReference; fileEncoding = 4; lastKnownFileType = sourcecode.c.objc; path = TimeViewController.m; sourceTree = "<group>"; };
		63FBCF9118A30CE500A9715F /* TimeViewController.xib */ = {isa = PBXFileReference; fileEncoding = 4; lastKnownFileType = file.xib; path = TimeViewController.xib; sourceTree = "<group>"; };
/* End PBXFileReference section */

/* Begin PBXFrameworksBuildPhase section */
		63FBCF5318A3093000A9715F /* Frameworks */ = {
			isa = PBXFrameworksBuildPhase;
			buildActionMask = 2147483647;
			files = (
				63FBCF5C18A3093000A9715F /* CoreGraphics.framework in Frameworks */,
				63FBCF5E18A3093000A9715F /* UIKit.framework in Frameworks */,
				63FBCF5A18A3093000A9715F /* Foundation.framework in Frameworks */,
			);
			runOnlyForDeploymentPostprocessing = 0;
		};
		63FBCF6E18A3093000A9715F /* Frameworks */ = {
			isa = PBXFrameworksBuildPhase;
			buildActionMask = 2147483647;
			files = (
				63E28FD71901779800088162 /* QuartzCore.framework in Frameworks */,
				63FBCF7318A3093000A9715F /* XCTest.framework in Frameworks */,
				63FBCF7518A3093000A9715F /* UIKit.framework in Frameworks */,
				63FBCF7418A3093000A9715F /* Foundation.framework in Frameworks */,
			);
			runOnlyForDeploymentPostprocessing = 0;
		};
/* End PBXFrameworksBuildPhase section */

/* Begin PBXGroup section */
		63FBCF4D18A3093000A9715F = {
			isa = PBXGroup;
			children = (
				63E28FD819017B4000088162 /* Hypno.png */,
				63E28FDA19017DF800088162 /* joeeye.jpg */,
				63FBCF8E18A30C5000A9715F /* TimeViewController.h */,
				63FBCF9118A30CE500A9715F /* TimeViewController.xib */,
				63FBCF8F18A30C5000A9715F /* TimeViewController.m */,
				63FBCF8B18A30A1E00A9715F /* HypnosisView.h */,
				63FBCF8C18A30A2400A9715F /* HypnosisView.m */,
				63FBCF8818A3096900A9715F /* HypnosisViewController.h */,
				63FBCF8918A3096900A9715F /* HypnosisViewController.m */,
				63FBCF5F18A3093000A9715F /* HypnoTime */,
				63FBCF7818A3093000A9715F /* HypnoTimeTests */,
				63FBCF5818A3093000A9715F /* Frameworks */,
				63FBCF5718A3093000A9715F /* Products */,
			);
			sourceTree = "<group>";
		};
		63FBCF5718A3093000A9715F /* Products */ = {
			isa = PBXGroup;
			children = (
				63FBCF5618A3093000A9715F /* HypnoTime.app */,
				63FBCF7118A3093000A9715F /* HypnoTimeTests.xctest */,
			);
			name = Products;
			sourceTree = "<group>";
		};
		63FBCF5818A3093000A9715F /* Frameworks */ = {
			isa = PBXGroup;
			children = (
				63E28FD61901779800088162 /* QuartzCore.framework */,
				63FBCF5918A3093000A9715F /* Foundation.framework */,
				63FBCF5B18A3093000A9715F /* CoreGraphics.framework */,
				63FBCF5D18A3093000A9715F /* UIKit.framework */,
				63FBCF7218A3093000A9715F /* XCTest.framework */,
			);
			name = Frameworks;
			sourceTree = "<group>";
		};
		63FBCF5F18A3093000A9715F /* HypnoTime */ = {
			isa = PBXGroup;
			children = (
				63FBCF6818A3093000A9715F /* HypnoAppDelegate.h */,
				63FBCF6918A3093000A9715F /* HypnoAppDelegate.m */,
				63FBCF6B18A3093000A9715F /* Images.xcassets */,
				63FBCF6018A3093000A9715F /* Supporting Files */,
			);
			path = HypnoTime;
			sourceTree = "<group>";
		};
		63FBCF6018A3093000A9715F /* Supporting Files */ = {
			isa = PBXGroup;
			children = (
				63FBCF6118A3093000A9715F /* HypnoTime-Info.plist */,
				63FBCF6218A3093000A9715F /* InfoPlist.strings */,
				63FBCF6518A3093000A9715F /* main.m */,
				63FBCF6718A3093000A9715F /* HypnoTime-Prefix.pch */,
			);
			name = "Supporting Files";
			sourceTree = "<group>";
		};
		63FBCF7818A3093000A9715F /* HypnoTimeTests */ = {
			isa = PBXGroup;
			children = (
				63FBCF7E18A3093000A9715F /* HypnoTimeTests.m */,
				63FBCF7918A3093000A9715F /* Supporting Files */,
			);
			path = HypnoTimeTests;
			sourceTree = "<group>";
		};
		63FBCF7918A3093000A9715F /* Supporting Files */ = {
			isa = PBXGroup;
			children = (
				63FBCF7A18A3093000A9715F /* HypnoTimeTests-Info.plist */,
				63FBCF7B18A3093000A9715F /* InfoPlist.strings */,
			);
			name = "Supporting Files";
			sourceTree = "<group>";
		};
/* End PBXGroup section */

/* Begin PBXNativeTarget section */
		63FBCF5518A3093000A9715F /* HypnoTime */ = {
			isa = PBXNativeTarget;
			buildConfigurationList = 63FBCF8218A3093000A9715F /* Build configuration list for PBXNativeTarget "HypnoTime" */;
			buildPhases = (
				63FBCF5218A3093000A9715F /* Sources */,
				63FBCF5318A3093000A9715F /* Frameworks */,
				63FBCF5418A3093000A9715F /* Resources */,
			);
			buildRules = (
			);
			dependencies = (
			);
			name = HypnoTime;
			productName = HypnoTime;
			productReference = 63FBCF5618A3093000A9715F /* HypnoTime.app */;
			productType = "com.apple.product-type.application";
		};
		63FBCF7018A3093000A9715F /* HypnoTimeTests */ = {
			isa = PBXNativeTarget;
			buildConfigurationList = 63FBCF8518A3093000A9715F /* Build configuration list for PBXNativeTarget "HypnoTimeTests" */;
			buildPhases = (
				63FBCF6D18A3093000A9715F /* Sources */,
				63FBCF6E18A3093000A9715F /* Frameworks */,
				63FBCF6F18A3093000A9715F /* Resources */,
			);
			buildRules = (
			);
			dependencies = (
				63FBCF7718A3093000A9715F /* PBXTargetDependency */,
			);
			name = HypnoTimeTests;
			productName = HypnoTimeTests;
			productReference = 63FBCF7118A3093000A9715F /* HypnoTimeTests.xctest */;
			productType = "com.apple.product-type.bundle.unit-test";
		};
/* End PBXNativeTarget section */

/* Begin PBXProject section */
		63FBCF4E18A3093000A9715F /* Project object */ = {
			isa = PBXProject;
			attributes = {
				CLASSPREFIX = Hypno;
				LastUpgradeCheck = 0500;
				ORGANIZATIONNAME = "Krystle Kidd";
				TargetAttributes = {
					63FBCF7018A3093000A9715F = {
						TestTargetID = 63FBCF5518A3093000A9715F;
					};
				};
			};
			buildConfigurationList = 63FBCF5118A3093000A9715F /* Build configuration list for PBXProject "HypnoTime" */;
			compatibilityVersion = "Xcode 3.2";
			developmentRegion = English;
			hasScannedForEncodings = 0;
			knownRegions = (
				en,
			);
			mainGroup = 63FBCF4D18A3093000A9715F;
			productRefGroup = 63FBCF5718A3093000A9715F /* Products */;
			projectDirPath = "";
			projectRoot = "";
			targets = (
				63FBCF5518A3093000A9715F /* HypnoTime */,
				63FBCF7018A3093000A9715F /* HypnoTimeTests */,
			);
		};
/* End PBXProject section */

/* Begin PBXResourcesBuildPhase section */
		63FBCF5418A3093000A9715F /* Resources */ = {
			isa = PBXResourcesBuildPhase;
			buildActionMask = 2147483647;
			files = (
				63FBCF6418A3093000A9715F /* InfoPlist.strings in Resources */,
				63FBCF9218A30CE500A9715F /* TimeViewController.xib in Resources */,
				63E28FD919017B4000088162 /* Hypno.png in Resources */,
				63E28FDB19017DF900088162 /* joeeye.jpg in Resources */,
				63FBCF6C18A3093000A9715F /* Images.xcassets in Resources */,
			);
			runOnlyForDeploymentPostprocessing = 0;
		};
		63FBCF6F18A3093000A9715F /* Resources */ = {
			isa = PBXResourcesBuildPhase;
			buildActionMask = 2147483647;
			files = (
				63FBCF7D18A3093000A9715F /* InfoPlist.strings in Resources */,
			);
			runOnlyForDeploymentPostprocessing = 0;
		};
/* End PBXResourcesBuildPhase section */

/* Begin PBXSourcesBuildPhase section */
		63FBCF5218A3093000A9715F /* Sources */ = {
			isa = PBXSourcesBuildPhase;
			buildActionMask = 2147483647;
			files = (
				63FBCF8A18A3096900A9715F /* HypnosisViewController.m in Sources */,
				63FBCF8D18A30A2400A9715F /* HypnosisView.m in Sources */,
				63FBCF6618A3093000A9715F /* main.m in Sources */,
				63FBCF6A18A3093000A9715F /* HypnoAppDelegate.m in Sources */,
				63FBCF9018A30C5000A9715F /* TimeViewController.m in Sources */,
			);
			runOnlyForDeploymentPostprocessing = 0;
		};
		63FBCF6D18A3093000A9715F /* Sources */ = {
			isa = PBXSourcesBuildPhase;
			buildActionMask = 2147483647;
			files = (
				63FBCF7F18A3093000A9715F /* HypnoTimeTests.m in Sources */,
			);
			runOnlyForDeploymentPostprocessing = 0;
		};
/* End PBXSourcesBuildPhase section */

/* Begin PBXTargetDependency section */
		63FBCF7718A3093000A9715F /* PBXTargetDependency */ = {
			isa = PBXTargetDependency;
			target = 63FBCF5518A3093000A9715F /* HypnoTime */;
			targetProxy = 63FBCF7618A3093000A9715F /* PBXContainerItemProxy */;
		};
/* End PBXTargetDependency section */

/* Begin PBXVariantGroup section */
		63FBCF6218A3093000A9715F /* InfoPlist.strings */ = {
			isa = PBXVariantGroup;
			children = (
				63FBCF6318A3093000A9715F /* en */,
			);
			name = InfoPlist.strings;
			sourceTree = "<group>";
		};
		63FBCF7B18A3093000A9715F /* InfoPlist.strings */ = {
			isa = PBXVariantGroup;
			children = (
				63FBCF7C18A3093000A9715F /* en */,
			);
			name = InfoPlist.strings;
			sourceTree = "<group>";
		};
/* End PBXVariantGroup section */

/* Begin XCBuildConfiguration section */
		63FBCF8018A3093000A9715F /* Debug */ = {
			isa = XCBuildConfiguration;
			buildSettings = {
				ALWAYS_SEARCH_USER_PATHS = NO;
				ARCHS = "$(ARCHS_STANDARD_INCLUDING_64_BIT)";
				CLANG_CXX_LANGUAGE_STANDARD = "gnu++0x";
				CLANG_CXX_LIBRARY = "libc++";
				CLANG_ENABLE_MODULES = YES;
				CLANG_ENABLE_OBJC_ARC = YES;
				CLANG_WARN_BOOL_CONVERSION = YES;
				CLANG_WARN_CONSTANT_CONVERSION = YES;
				CLANG_WARN_DIRECT_OBJC_ISA_USAGE = YES_ERROR;
				CLANG_WARN_EMPTY_BODY = YES;
				CLANG_WARN_ENUM_CONVERSION = YES;
				CLANG_WARN_INT_CONVERSION = YES;
				CLANG_WARN_OBJC_ROOT_CLASS = YES_ERROR;
				CLANG_WARN__DUPLICATE_METHOD_MATCH = YES;
				"CODE_SIGN_IDENTITY[sdk=iphoneos*]" = "iPhone Developer";
				COPY_PHASE_STRIP = NO;
				GCC_C_LANGUAGE_STANDARD = gnu99;
				GCC_DYNAMIC_NO_PIC = NO;
				GCC_OPTIMIZATION_LEVEL = 0;
				GCC_PREPROCESSOR_DEFINITIONS = (
					"DEBUG=1",
					"$(inherited)",
				);
				GCC_SYMBOLS_PRIVATE_EXTERN = NO;
				GCC_WARN_64_TO_32_BIT_CONVERSION = YES;
				GCC_WARN_ABOUT_RETURN_TYPE = YES_ERROR;
				GCC_WARN_UNDECLARED_SELECTOR = YES;
				GCC_WARN_UNINITIALIZED_AUTOS = YES;
				GCC_WARN_UNUSED_FUNCTION = YES;
				GCC_WARN_UNUSED_VARIABLE = YES;
				IPHONEOS_DEPLOYMENT_TARGET = 7.0;
				ONLY_ACTIVE_ARCH = YES;
				SDKROOT = iphoneos;
			};
			name = Debug;
		};
		63FBCF8118A3093000A9715F /* Release */ = {
			isa = XCBuildConfiguration;
			buildSettings = {
				ALWAYS_SEARCH_USER_PATHS = NO;
				ARCHS = "$(ARCHS_STANDARD_INCLUDING_64_BIT)";
				CLANG_CXX_LANGUAGE_STANDARD = "gnu++0x";
				CLANG_CXX_LIBRARY = "libc++";
				CLANG_ENABLE_MODULES = YES;
				CLANG_ENABLE_OBJC_ARC = YES;
				CLANG_WARN_BOOL_CONVERSION = YES;
				CLANG_WARN_CONSTANT_CONVERSION = YES;
				CLANG_WARN_DIRECT_OBJC_ISA_USAGE = YES_ERROR;
				CLANG_WARN_EMPTY_BODY = YES;
				CLANG_WARN_ENUM_CONVERSION = YES;
				CLANG_WARN_INT_CONVERSION = YES;
				CLANG_WARN_OBJC_ROOT_CLASS = YES_ERROR;
				CLANG_WARN__DUPLICATE_METHOD_MATCH = YES;
				"CODE_SIGN_IDENTITY[sdk=iphoneos*]" = "iPhone Developer";
				COPY_PHASE_STRIP = YES;
				ENABLE_NS_ASSERTIONS = NO;
				GCC_C_LANGUAGE_STANDARD = gnu99;
				GCC_WARN_64_TO_32_BIT_CONVERSION = YES;
				GCC_WARN_ABOUT_RETURN_TYPE = YES_ERROR;
				GCC_WARN_UNDECLARED_SELECTOR = YES;
				GCC_WARN_UNINITIALIZED_AUTOS = YES;
				GCC_WARN_UNUSED_FUNCTION = YES;
				GCC_WARN_UNUSED_VARIABLE = YES;
				IPHONEOS_DEPLOYMENT_TARGET = 7.0;
				SDKROOT = iphoneos;
				VALIDATE_PRODUCT = YES;
			};
			name = Release;
		};
		63FBCF8318A3093000A9715F /* Debug */ = {
			isa = XCBuildConfiguration;
			buildSettings = {
				ASSETCATALOG_COMPILER_APPICON_NAME = AppIcon;
				ASSETCATALOG_COMPILER_LAUNCHIMAGE_NAME = LaunchImage;
				GCC_PRECOMPILE_PREFIX_HEADER = YES;
				GCC_PREFIX_HEADER = "HypnoTime/HypnoTime-Prefix.pch";
				INFOPLIST_FILE = "HypnoTime/HypnoTime-Info.plist";
				PRODUCT_NAME = "$(TARGET_NAME)";
				WRAPPER_EXTENSION = app;
			};
			name = Debug;
		};
		63FBCF8418A3093000A9715F /* Release */ = {
			isa = XCBuildConfiguration;
			buildSettings = {
				ASSETCATALOG_COMPILER_APPICON_NAME = AppIcon;
				ASSETCATALOG_COMPILER_LAUNCHIMAGE_NAME = LaunchImage;
				GCC_PRECOMPILE_PREFIX_HEADER = YES;
				GCC_PREFIX_HEADER = "HypnoTime/HypnoTime-Prefix.pch";
				INFOPLIST_FILE = "HypnoTime/HypnoTime-Info.plist";
				PRODUCT_NAME = "$(TARGET_NAME)";
				WRAPPER_EXTENSION = app;
			};
			name = Release;
		};
		63FBCF8618A3093000A9715F /* Debug */ = {
			isa = XCBuildConfiguration;
			buildSettings = {
				ARCHS = "$(ARCHS_STANDARD_INCLUDING_64_BIT)";
				BUNDLE_LOADER = "$(BUILT_PRODUCTS_DIR)/HypnoTime.app/HypnoTime";
				FRAMEWORK_SEARCH_PATHS = (
					"$(SDKROOT)/Developer/Library/Frameworks",
					"$(inherited)",
					"$(DEVELOPER_FRAMEWORKS_DIR)",
				);
				GCC_PRECOMPILE_PREFIX_HEADER = YES;
				GCC_PREFIX_HEADER = "HypnoTime/HypnoTime-Prefix.pch";
				GCC_PREPROCESSOR_DEFINITIONS = (
					"DEBUG=1",
					"$(inherited)",
				);
				INFOPLIST_FILE = "HypnoTimeTests/HypnoTimeTests-Info.plist";
				PRODUCT_NAME = "$(TARGET_NAME)";
				TEST_HOST = "$(BUNDLE_LOADER)";
				WRAPPER_EXTENSION = xctest;
			};
			name = Debug;
		};
		63FBCF8718A3093000A9715F /* Release */ = {
			isa = XCBuildConfiguration;
			buildSettings = {
				ARCHS = "$(ARCHS_STANDARD_INCLUDING_64_BIT)";
				BUNDLE_LOADER = "$(BUILT_PRODUCTS_DIR)/HypnoTime.app/HypnoTime";
				FRAMEWORK_SEARCH_PATHS = (
					"$(SDKROOT)/Developer/Library/Frameworks",
					"$(inherited)",
					"$(DEVELOPER_FRAMEWORKS_DIR)",
				);
				GCC_PRECOMPILE_PREFIX_HEADER = YES;
				GCC_PREFIX_HEADER = "HypnoTime/HypnoTime-Prefix.pch";
				INFOPLIST_FILE = "HypnoTimeTests/HypnoTimeTests-Info.plist";
				PRODUCT_NAME = "$(TARGET_NAME)";
				TEST_HOST = "$(BUNDLE_LOADER)";
				WRAPPER_EXTENSION = xctest;
			};
			name = Release;
		};
/* End XCBuildConfiguration section */

/* Begin XCConfigurationList section */
		63FBCF5118A3093000A9715F /* Build configuration list for PBXProject "HypnoTime" */ = {
			isa = XCConfigurationList;
			buildConfigurations = (
				63FBCF8018A3093000A9715F /* Debug */,
				63FBCF8118A3093000A9715F /* Release */,
			);
			defaultConfigurationIsVisible = 0;
			defaultConfigurationName = Release;
		};
		63FBCF8218A3093000A9715F /* Build configuration list for PBXNativeTarget "HypnoTime" */ = {
			isa = XCConfigurationList;
			buildConfigurations = (
				63FBCF8318A3093000A9715F /* Debug */,
				63FBCF8418A3093000A9715F /* Release */,
			);
			defaultConfigurationIsVisible = 0;
			defaultConfigurationName = Release;
		};
		63FBCF8518A3093000A9715F /* Build configuration list for PBXNativeTarget "HypnoTimeTests" */ = {
			isa = XCConfigurationList;
			buildConfigurations = (
				63FBCF8618A3093000A9715F /* Debug */,
				63FBCF8718A3093000A9715F /* Release */,
			);
			defaultConfigurationIsVisible = 0;
			defaultConfigurationName = Release;
		};
/* End XCConfigurationList section */
	};
	rootObject = 63FBCF4E18A3093000A9715F /* Project object */;
}
